{
  "name": "superdreams",
  "version": "4.0.0",
  "lockfileVersion": 3,
  "requires": true,
  "packages": {
    "": {
      "name": "superdreams",
      "version": "4.0.0",
      "license": "MIT",
      "dependencies": {
        "sql.js": "^1.14.1"
      }
    },
    "node_modules/sql.js": {
      "version": "1.14.1",
      "license": "MIT"
    }
  }
}
